
Microsoft Visual Studio Solution File, Format Version 12.00
# Visual Studio Version 16
VisualStudioVersion = 16.0.30002.166
MinimumVisualStudioVersion = 10.0.40219.1
Project("{FAE04EC0-301F-11D3-BF4B-00C04F79EFBC}") = "vodwatcher", "vodwatcher\vodwatcher.csproj", "{178984A3-9E29-4137-BAE5-BF876E15B6F7}"
EndProject
Global
	GlobalSection(SolutionConfigurationPlatforms) = preSolution
		Debug|Any CPU = Debug|Any CPU
		Release|Any CPU = Release|Any CPU
	EndGlobalSection
	GlobalSection(ProjectConfigurationPlatforms) = postSolution
		{178984A3-9E29-4137-BAE5-BF876E15B6F7}.Debug|Any CPU.ActiveCfg = Debug|Any CPU
		{178984A3-9E29-4137-BAE5-BF876E15B6F7}.Debug|Any CPU.Build.0 = Debug|Any CPU
		{178984A3-9E29-4137-BAE5-BF876E15B6F7}.Release|Any CPU.ActiveCfg = Release|Any CPU
		{178984A3-9E29-4137-BAE5-BF876E15B6F7}.Release|Any CPU.Build.0 = Release|Any CPU
	EndGlobalSection
	GlobalSection(SolutionProperties) = preSolution
		HideSolutionNode = FALSE
	EndGlobalSection
	GlobalSection(ExtensibilityGlobals) = postSolution
		SolutionGuid = {D3238157-EA2B-4D86-BCB1-CBA72B5033AF}
	EndGlobalSection
EndGlobal
